
Microsoft Visual Studio Solution File, Format Version 12.00
# Visual Studio Version 16
VisualStudioVersion = 16.0.31129.286
MinimumVisualStudioVersion = 10.0.40219.1
Project("{FAE04EC0-301F-11D3-BF4B-00C04F79EFBC}") = "OneKeyBreventCaller", "OneKeyBreventCaller\OneKeyBreventCaller.csproj", "{91930454-244A-4A8E-84DA-26DD572160F2}"
EndProject
Global
	GlobalSection(SolutionConfigurationPlatforms) = preSolution
		Debug|Any CPU = Debug|Any CPU
		Release|Any CPU = Release|Any CPU
	EndGlobalSection
	GlobalSection(ProjectConfigurationPlatforms) = postSolution
		{91930454-244A-4A8E-84DA-26DD572160F2}.Debug|Any CPU.ActiveCfg = Debug|Any CPU
		{91930454-244A-4A8E-84DA-26DD572160F2}.Debug|Any CPU.Build.0 = Debug|Any CPU
		{91930454-244A-4A8E-84DA-26DD572160F2}.Release|Any CPU.ActiveCfg = Release|Any CPU
		{91930454-244A-4A8E-84DA-26DD572160F2}.Release|Any CPU.Build.0 = Release|Any CPU
	EndGlobalSection
	GlobalSection(SolutionProperties) = preSolution
		HideSolutionNode = FALSE
	EndGlobalSection
	GlobalSection(ExtensibilityGlobals) = postSolution
		SolutionGuid = {93FD10AD-A553-47C4-BC83-A7BF3AF72E1E}
	EndGlobalSection
EndGlobal
